// !$*UTF8*$!
{
	archiveVersion = 1;
	classes = {
	};
	objectVersion = 46;
	objects = {

/* Begin PBXBuildFile section */
		B597F39C1AB5278F009F3E9B /* AppDelegate.swift in Sources */ = {isa = PBXBuildFile; fileRef = B597F39B1AB5278F009F3E9B /* AppDelegate.swift */; };
		B597F39E1AB5278F009F3E9B /* ViewController.swift in Sources */ = {isa = PBXBuildFile; fileRef = B597F39D1AB5278F009F3E9B /* ViewController.swift */; };
		B597F3A11AB5278F009F3E9B /* Main.storyboard in Resources */ = {isa = PBXBuildFile; fileRef = B597F39F1AB5278F009F3E9B /* Main.storyboard */; };
		B597F3A31AB5278F009F3E9B /* Images.xcassets in Resources */ = {isa = PBXBuildFile; fileRef = B597F3A21AB5278F009F3E9B /* Images.xcassets */; };
		B597F3A61AB5278F009F3E9B /* LaunchScreen.xib in Resources */ = {isa = PBXBuildFile; fileRef = B597F3A41AB5278F009F3E9B /* LaunchScreen.xib */; };
		B597F3B21AB5278F009F3E9B /* JadeTests.swift in Sources */ = {isa = PBXBuildFile; fileRef = B597F3B11AB5278F009F3E9B /* JadeTests.swift */; };
/* End PBXBuildFile section */

/* Begin PBXContainerItemProxy section */
		B597F3AC1AB5278F009F3E9B /* PBXContainerItemProxy */ = {
			isa = PBXContainerItemProxy;
			containerPortal = B597F38E1AB5278F009F3E9B /* Project object */;
			proxyType = 1;
			remoteGlobalIDString = B597F3951AB5278F009F3E9B;
			remoteInfo = Jade;
		};
/* End PBXContainerItemProxy section */

/* Begin PBXFileReference section */
		B597F3961AB5278F009F3E9B /* Jade.app */ = {isa = PBXFileReference; explicitFileType = wrapper.application; includeInIndex = 0; path = Jade.app; sourceTree = BUILT_PRODUCTS_DIR; };
		B597F39A1AB5278F009F3E9B /* Info.plist */ = {isa = PBXFileReference; lastKnownFileType = text.plist.xml; path = Info.plist; sourceTree = "<group>"; };
		B597F39B1AB5278F009F3E9B /* AppDelegate.swift */ = {isa = PBXFileReference; lastKnownFileType = sourcecode.swift; path = AppDelegate.swift; sourceTree = "<group>"; };
		B597F39D1AB5278F009F3E9B /* ViewController.swift */ = {isa = PBXFileReference; lastKnownFileType = sourcecode.swift; path = ViewController.swift; sourceTree = "<group>"; };
		B597F3A01AB5278F009F3E9B /* Base */ = {isa = PBXFileReference; lastKnownFileType = file.storyboard; name = Base; path = Base.lproj/Main.storyboard; sourceTree = "<group>"; };
		B597F3A21AB5278F009F3E9B /* Images.xcassets */ = {isa = PBXFileReference; lastKnownFileType = folder.assetcatalog; path = Images.xcassets; sourceTree = "<group>"; };
		B597F3A51AB5278F009F3E9B /* Base */ = {isa = PBXFileReference; lastKnownFileType = file.xib; name = Base; path = Base.lproj/LaunchScreen.xib; sourceTree = "<group>"; };
		B597F3AB1AB5278F009F3E9B /* JadeTests.xctest */ = {isa = PBXFileReference; explicitFileType = wrapper.cfbundle; includeInIndex = 0; path = JadeTests.xctest; sourceTree = BUILT_PRODUCTS_DIR; };
		B597F3B01AB5278F009F3E9B /* Info.plist */ = {isa = PBXFileReference; lastKnownFileType = text.plist.xml; path = Info.plist; sourceTree = "<group>"; };
		B597F3B11AB5278F009F3E9B /* JadeTests.swift */ = {isa = PBXFileReference; lastKnownFileType = sourcecode.swift; path = JadeTests.swift; sourceTree = "<group>"; };
/* End PBXFileReference section */

/* Begin PBXFrameworksBuildPhase section */
		B597F3931AB5278F009F3E9B /* Frameworks */ = {
			isa = PBXFrameworksBuildPhase;
			buildActionMask = 2147483647;
			files = (
			);
			runOnlyForDeploymentPostprocessing = 0;
		};
		B597F3A81AB5278F009F3E9B /* Frameworks */ = {
			isa = PBXFrameworksBuildPhase;
			buildActionMask = 2147483647;
			files = (
			);
			runOnlyForDeploymentPostprocessing = 0;
		};
/* End PBXFrameworksBuildPhase section */

/* Begin PBXGroup section */
		B597F38D1AB5278F009F3E9B = {
			isa = PBXGroup;
			children = (
				B597F3981AB5278F009F3E9B /* Jade */,
				B597F3AE1AB5278F009F3E9B /* JadeTests */,
				B597F3971AB5278F009F3E9B /* Products */,
			);
			sourceTree = "<group>";
		};
		B597F3971AB5278F009F3E9B /* Products */ = {
			isa = PBXGroup;
			children = (
				B597F3961AB5278F009F3E9B /* Jade.app */,
				B597F3AB1AB5278F009F3E9B /* JadeTests.xctest */,
			);
			name = Products;
			sourceTree = "<group>";
		};
		B597F3981AB5278F009F3E9B /* Jade */ = {
			isa = PBXGroup;
			children = (
				B597F39B1AB5278F009F3E9B /* AppDelegate.swift */,
				B597F39D1AB5278F009F3E9B /* ViewController.swift */,
				B597F39F1AB5278F009F3E9B /* Main.storyboard */,
				B597F3A21AB5278F009F3E9B /* Images.xcassets */,
				B597F3A41AB5278F009F3E9B /* LaunchScreen.xib */,
				B597F3991AB5278F009F3E9B /* Supporting Files */,
			);
			path = Jade;
			sourceTree = "<group>";
		};
		B597F3991AB5278F009F3E9B /* Supporting Files */ = {
			isa = PBXGroup;
			children = (
				B597F39A1AB5278F009F3E9B /* Info.plist */,
			);
			name = "Supporting Files";
			sourceTree = "<group>";
		};
		B597F3AE1AB5278F009F3E9B /* JadeTests */ = {
			isa = PBXGroup;
			children = (
				B597F3B11AB5278F009F3E9B /* JadeTests.swift */,
				B597F3AF1AB5278F009F3E9B /* Supporting Files */,
			);
			path = JadeTests;
			sourceTree = "<group>";
		};
		B597F3AF1AB5278F009F3E9B /* Supporting Files */ = {
			isa = PBXGroup;
			children = (
				B597F3B01AB5278F009F3E9B /* Info.plist */,
			);
			name = "Supporting Files";
			sourceTree = "<group>";
		};
/* End PBXGroup section */

/* Begin PBXNativeTarget section */
		B597F3951AB5278F009F3E9B /* Jade */ = {
			isa = PBXNativeTarget;
			buildConfigurationList = B597F3B51AB5278F009F3E9B /* Build configuration list for PBXNativeTarget "Jade" */;
			buildPhases = (
				B597F3921AB5278F009F3E9B /* Sources */,
				B597F3931AB5278F009F3E9B /* Frameworks */,
				B597F3941AB5278F009F3E9B /* Resources */,
			);
			buildRules = (
			);
			dependencies = (
			);
			name = Jade;
			productName = Jade;
			productReference = B597F3961AB5278F009F3E9B /* Jade.app */;
			productType = "com.apple.product-type.application";
		};
		B597F3AA1AB5278F009F3E9B /* JadeTests */ = {
			isa = PBXNativeTarget;
			buildConfigurationList = B597F3B81AB5278F009F3E9B /* Build configuration list for PBXNativeTarget "JadeTests" */;
			buildPhases = (
				B597F3A71AB5278F009F3E9B /* Sources */,
				B597F3A81AB5278F009F3E9B /* Frameworks */,
				B597F3A91AB5278F009F3E9B /* Resources */,
			);
			buildRules = (
			);
			dependencies = (
				B597F3AD1AB5278F009F3E9B /* PBXTargetDependency */,
			);
			name = JadeTests;
			productName = JadeTests;
			productReference = B597F3AB1AB5278F009F3E9B /* JadeTests.xctest */;
			productType = "com.apple.product-type.bundle.unit-test";
		};
/* End PBXNativeTarget section */

/* Begin PBXProject section */
		B597F38E1AB5278F009F3E9B /* Project object */ = {
			isa = PBXProject;
			attributes = {
				LastUpgradeCheck = 0630;
				ORGANIZATIONNAME = "S-Shimotori";
				TargetAttributes = {
					B597F3951AB5278F009F3E9B = {
						CreatedOnToolsVersion = 6.3;
					};
					B597F3AA1AB5278F009F3E9B = {
						CreatedOnToolsVersion = 6.3;
						TestTargetID = B597F3951AB5278F009F3E9B;
					};
				};
			};
			buildConfigurationList = B597F3911AB5278F009F3E9B /* Build configuration list for PBXProject "Jade" */;
			compatibilityVersion = "Xcode 3.2";
			developmentRegion = English;
			hasScannedForEncodings = 0;
			knownRegions = (
				en,
				Base,
			);
			mainGroup = B597F38D1AB5278F009F3E9B;
			productRefGroup = B597F3971AB5278F009F3E9B /* Products */;
			projectDirPath = "";
			projectRoot = "";
			targets = (
				B597F3951AB5278F009F3E9B /* Jade */,
				B597F3AA1AB5278F009F3E9B /* JadeTests */,
			);
		};
/* End PBXProject section */

/* Begin PBXResourcesBuildPhase section */
		B597F3941AB5278F009F3E9B /* Resources */ = {
			isa = PBXResourcesBuildPhase;
			buildActionMask = 2147483647;
			files = (
				B597F3A11AB5278F009F3E9B /* Main.storyboard in Resources */,
				B597F3A61AB5278F009F3E9B /* LaunchScreen.xib in Resources */,
				B597F3A31AB5278F009F3E9B /* Images.xcassets in Resources */,
			);
			runOnlyForDeploymentPostprocessing = 0;
		};
		B597F3A91AB5278F009F3E9B /* Resources */ = {
			isa = PBXResourcesBuildPhase;
			buildActionMask = 2147483647;
			files = (
			);
			runOnlyForDeploymentPostprocessing = 0;
		};
/* End PBXResourcesBuildPhase section */

/* Begin PBXSourcesBuildPhase section */
		B597F3921AB5278F009F3E9B /* Sources */ = {
			isa = PBXSourcesBuildPhase;
			buildActionMask = 2147483647;
			files = (
				B597F39E1AB5278F009F3E9B /* ViewController.swift in Sources */,
				B597F39C1AB5278F009F3E9B /* AppDelegate.swift in Sources */,
			);
			runOnlyForDeploymentPostprocessing = 0;
		};
		B597F3A71AB5278F009F3E9B /* Sources */ = {
			isa = PBXSourcesBuildPhase;
			buildActionMask = 2147483647;
			files = (
				B597F3B21AB5278F009F3E9B /* JadeTests.swift in Sources */,
			);
			runOnlyForDeploymentPostprocessing = 0;
		};
/* End PBXSourcesBuildPhase section */

/* Begin PBXTargetDependency section */
		B597F3AD1AB5278F009F3E9B /* PBXTargetDependency */ = {
			isa = PBXTargetDependency;
			target = B597F3951AB5278F009F3E9B /* Jade */;
			targetProxy = B597F3AC1AB5278F009F3E9B /* PBXContainerItemProxy */;
		};
/* End PBXTargetDependency section */

/* Begin PBXVariantGroup section */
		B597F39F1AB5278F009F3E9B /* Main.storyboard */ = {
			isa = PBXVariantGroup;
			children = (
				B597F3A01AB5278F009F3E9B /* Base */,
			);
			name = Main.storyboard;
			sourceTree = "<group>";
		};
		B597F3A41AB5278F009F3E9B /* LaunchScreen.xib */ = {
			isa = PBXVariantGroup;
			children = (
				B597F3A51AB5278F009F3E9B /* Base */,
			);
			name = LaunchScreen.xib;
			sourceTree = "<group>";
		};
/* End PBXVariantGroup section */

/* Begin XCBuildConfiguration section */
		B597F3B31AB5278F009F3E9B /* Debug */ = {
			isa = XCBuildConfiguration;
			buildSettings = {
				ALWAYS_SEARCH_USER_PATHS = NO;
				CLANG_CXX_LANGUAGE_STANDARD = "gnu++0x";
				CLANG_CXX_LIBRARY = "libc++";
				CLANG_ENABLE_MODULES = YES;
				CLANG_ENABLE_OBJC_ARC = YES;
				CLANG_WARN_BOOL_CONVERSION = YES;
				CLANG_WARN_CONSTANT_CONVERSION = YES;
				CLANG_WARN_DIRECT_OBJC_ISA_USAGE = YES_ERROR;
				CLANG_WARN_EMPTY_BODY = YES;
				CLANG_WARN_ENUM_CONVERSION = YES;
				CLANG_WARN_INT_CONVERSION = YES;
				CLANG_WARN_OBJC_ROOT_CLASS = YES_ERROR;
				CLANG_WARN_UNREACHABLE_CODE = YES;
				CLANG_WARN__DUPLICATE_METHOD_MATCH = YES;
				"CODE_SIGN_IDENTITY[sdk=iphoneos*]" = "iPhone Developer";
				COPY_PHASE_STRIP = NO;
				DEBUG_INFORMATION_FORMAT = dwarf;
				ENABLE_STRICT_OBJC_MSGSEND = YES;
				GCC_C_LANGUAGE_STANDARD = gnu99;
				GCC_DYNAMIC_NO_PIC = NO;
				GCC_NO_COMMON_BLOCKS = YES;
				GCC_OPTIMIZATION_LEVEL = 0;
				GCC_PREPROCESSOR_DEFINITIONS = (
					"DEBUG=1",
					"$(inherited)",
				);
				GCC_SYMBOLS_PRIVATE_EXTERN = NO;
				GCC_WARN_64_TO_32_BIT_CONVERSION = YES;
				GCC_WARN_ABOUT_RETURN_TYPE = YES_ERROR;
				GCC_WARN_UNDECLARED_SELECTOR = YES;
				GCC_WARN_UNINITIALIZED_AUTOS = YES_AGGRESSIVE;
				GCC_WARN_UNUSED_FUNCTION = YES;
				GCC_WARN_UNUSED_VARIABLE = YES;
				IPHONEOS_DEPLOYMENT_TARGET = 8.3;
				MTL_ENABLE_DEBUG_INFO = YES;
				ONLY_ACTIVE_ARCH = YES;
				SDKROOT = iphoneos;
				SWIFT_OPTIMIZATION_LEVEL = "-Onone";
			};
			name = Debug;
		};
		B597F3B41AB5278F009F3E9B /* Release */ = {
			isa = XCBuildConfiguration;
			buildSettings = {
				ALWAYS_SEARCH_USER_PATHS = NO;
				CLANG_CXX_LANGUAGE_STANDARD = "gnu++0x";
				CLANG_CXX_LIBRARY = "libc++";
				CLANG_ENABLE_MODULES = YES;
				CLANG_ENABLE_OBJC_ARC = YES;
				CLANG_WARN_BOOL_CONVERSION = YES;
				CLANG_WARN_CONSTANT_CONVERSION = YES;
				CLANG_WARN_DIRECT_OBJC_ISA_USAGE = YES_ERROR;
				CLANG_WARN_EMPTY_BODY = YES;
				CLANG_WARN_ENUM_CONVERSION = YES;
				CLANG_WARN_INT_CONVERSION = YES;
				CLANG_WARN_OBJC_ROOT_CLASS = YES_ERROR;
				CLANG_WARN_UNREACHABLE_CODE = YES;
				CLANG_WARN__DUPLICATE_METHOD_MATCH = YES;
				"CODE_SIGN_IDENTITY[sdk=iphoneos*]" = "iPhone Developer";
				COPY_PHASE_STRIP = NO;
				DEBUG_INFORMATION_FORMAT = "dwarf-with-dsym";
				ENABLE_NS_ASSERTIONS = NO;
				ENABLE_STRICT_OBJC_MSGSEND = YES;
				GCC_C_LANGUAGE_STANDARD = gnu99;
				GCC_NO_COMMON_BLOCKS = YES;
				GCC_WARN_64_TO_32_BIT_CONVERSION = YES;
				GCC_WARN_ABOUT_RETURN_TYPE = YES_ERROR;
				GCC_WARN_UNDECLARED_SELECTOR = YES;
				GCC_WARN_UNINITIALIZED_AUTOS = YES_AGGRESSIVE;
				GCC_WARN_UNUSED_FUNCTION = YES;
				GCC_WARN_UNUSED_VARIABLE = YES;
				IPHONEOS_DEPLOYMENT_TARGET = 8.3;
				MTL_ENABLE_DEBUG_INFO = NO;
				SDKROOT = iphoneos;
				VALIDATE_PRODUCT = YES;
			};
			name = Release;
		};
		B597F3B61AB5278F009F3E9B /* Debug */ = {
			isa = XCBuildConfiguration;
			buildSettings = {
				ASSETCATALOG_COMPILER_APPICON_NAME = AppIcon;
				INFOPLIST_FILE = Jade/Info.plist;
				LD_RUNPATH_SEARCH_PATHS = "$(inherited) @executable_path/Frameworks";
				PRODUCT_NAME = "$(TARGET_NAME)";
			};
			name = Debug;
		};
		B597F3B71AB5278F009F3E9B /* Release */ = {
			isa = XCBuildConfiguration;
			buildSettings = {
				ASSETCATALOG_COMPILER_APPICON_NAME = AppIcon;
				INFOPLIST_FILE = Jade/Info.plist;
				LD_RUNPATH_SEARCH_PATHS = "$(inherited) @executable_path/Frameworks";
				PRODUCT_NAME = "$(TARGET_NAME)";
			};
			name = Release;
		};
		B597F3B91AB5278F009F3E9B /* Debug */ = {
			isa = XCBuildConfiguration;
			buildSettings = {
				BUNDLE_LOADER = "$(TEST_HOST)";
				FRAMEWORK_SEARCH_PATHS = (
					"$(SDKROOT)/Developer/Library/Frameworks",
					"$(inherited)",
				);
				GCC_PREPROCESSOR_DEFINITIONS = (
					"DEBUG=1",
					"$(inherited)",
				);
				INFOPLIST_FILE = JadeTests/Info.plist;
				LD_RUNPATH_SEARCH_PATHS = "$(inherited) @executable_path/Frameworks @loader_path/Frameworks";
				PRODUCT_NAME = "$(TARGET_NAME)";
				TEST_HOST = "$(BUILT_PRODUCTS_DIR)/Jade.app/Jade";
			};
			name = Debug;
		};
		B597F3BA1AB5278F009F3E9B /* Release */ = {
			isa = XCBuildConfiguration;
			buildSettings = {
				BUNDLE_LOADER = "$(TEST_HOST)";
				FRAMEWORK_SEARCH_PATHS = (
					"$(SDKROOT)/Developer/Library/Frameworks",
					"$(inherited)",
				);
				INFOPLIST_FILE = JadeTests/Info.plist;
				LD_RUNPATH_SEARCH_PATHS = "$(inherited) @executable_path/Frameworks @loader_path/Frameworks";
				PRODUCT_NAME = "$(TARGET_NAME)";
				TEST_HOST = "$(BUILT_PRODUCTS_DIR)/Jade.app/Jade";
			};
			name = Release;
		};
/* End XCBuildConfiguration section */

/* Begin XCConfigurationList section */
		B597F3911AB5278F009F3E9B /* Build configuration list for PBXProject "Jade" */ = {
			isa = XCConfigurationList;
			buildConfigurations = (
				B597F3B31AB5278F009F3E9B /* Debug */,
				B597F3B41AB5278F009F3E9B /* Release */,
			);
			defaultConfigurationIsVisible = 0;
			defaultConfigurationName = Release;
		};
		B597F3B51AB5278F009F3E9B /* Build configuration list for PBXNativeTarget "Jade" */ = {
			isa = XCConfigurationList;
			buildConfigurations = (
				B597F3B61AB5278F009F3E9B /* Debug */,
				B597F3B71AB5278F009F3E9B /* Release */,
			);
			defaultConfigurationIsVisible = 0;
		};
		B597F3B81AB5278F009F3E9B /* Build configuration list for PBXNativeTarget "JadeTests" */ = {
			isa = XCConfigurationList;
			buildConfigurations = (
				B597F3B91AB5278F009F3E9B /* Debug */,
				B597F3BA1AB5278F009F3E9B /* Release */,
			);
			defaultConfigurationIsVisible = 0;
		};
/* End XCConfigurationList section */
	};
	rootObject = B597F38E1AB5278F009F3E9B /* Project object */;
}
